
Microsoft Visual Studio Solution File, Format Version 12.00
# Visual Studio Version 16
VisualStudioVersion = 16.0.31624.102
MinimumVisualStudioVersion = 10.0.40219.1
Project("{9A19103F-16F7-4668-BE54-9A1E7A4F7556}") = "DT.MDM.WebApi", "src\DT.MDM.WebApi\DT.MDM.WebApi.csproj", "{ED660CEA-D1C1-44C6-B42E-69AA64359F89}"
EndProject
Project("{FAE04EC0-301F-11D3-BF4B-00C04F79EFBC}") = "DT.MDM.Models", "src\DT.MDM.Models\DT.MDM.Models.csproj", "{DEB28927-C518-407E-ACE0-E3CABF35C697}"
EndProject
Project("{FAE04EC0-301F-11D3-BF4B-00C04F79EFBC}") = "DT.MDM.DAL", "src\DT.MDM.DAL\DT.MDM.DAL.csproj", "{1B3AB3AB-183E-4B09-8A97-01D113263C25}"
EndProject
Project("{FAE04EC0-301F-11D3-BF4B-00C04F79EFBC}") = "DT.MDM.Migrations", "src\DT.MDM.Migrations\DT.MDM.Migrations.csproj", "{FFEA6014-8572-4286-8C32-B12F7E697B13}"
EndProject
Project("{FAE04EC0-301F-11D3-BF4B-00C04F79EFBC}") = "DT.MDM.Repositories", "src\DT.MDM.Repositories\DT.MDM.Repositories.csproj", "{DB130B1A-D5DA-4493-A53E-386CEE7142DD}"
EndProject
Project("{2150E333-8FDC-42A3-9474-1A3956D46DE8}") = "Sources", "Sources", "{3FB6D045-EA5B-4097-A778-0CE4AB83A427}"
EndProject
Project("{2150E333-8FDC-42A3-9474-1A3956D46DE8}") = "Tests", "Tests", "{01A93140-3980-4391-ADB1-513128D9DEA2}"
EndProject
Project("{FAE04EC0-301F-11D3-BF4B-00C04F79EFBC}") = "DT.MDM.Repositories.Tests", "tst\DT.MDM.Repositories.Tests\DT.MDM.Repositories.Tests.csproj", "{86288A87-7F62-4C94-80E0-A5FB4BDBE3D9}"
EndProject
Project("{FAE04EC0-301F-11D3-BF4B-00C04F79EFBC}") = "DT.MDM.Services", "src\DT.MDM.Services\DT.MDM.Services.csproj", "{E69C5298-D15E-4A9A-97EA-7909781F2531}"
EndProject
Global
	GlobalSection(SolutionConfigurationPlatforms) = preSolution
		Debug|Any CPU = Debug|Any CPU
		Release|Any CPU = Release|Any CPU
	EndGlobalSection
	GlobalSection(ProjectConfigurationPlatforms) = postSolution
		{ED660CEA-D1C1-44C6-B42E-69AA64359F89}.Debug|Any CPU.ActiveCfg = Debug|Any CPU
		{ED660CEA-D1C1-44C6-B42E-69AA64359F89}.Debug|Any CPU.Build.0 = Debug|Any CPU
		{ED660CEA-D1C1-44C6-B42E-69AA64359F89}.Release|Any CPU.ActiveCfg = Release|Any CPU
		{ED660CEA-D1C1-44C6-B42E-69AA64359F89}.Release|Any CPU.Build.0 = Release|Any CPU
		{DEB28927-C518-407E-ACE0-E3CABF35C697}.Debug|Any CPU.ActiveCfg = Debug|Any CPU
		{DEB28927-C518-407E-ACE0-E3CABF35C697}.Debug|Any CPU.Build.0 = Debug|Any CPU
		{DEB28927-C518-407E-ACE0-E3CABF35C697}.Release|Any CPU.ActiveCfg = Release|Any CPU
		{DEB28927-C518-407E-ACE0-E3CABF35C697}.Release|Any CPU.Build.0 = Release|Any CPU
		{1B3AB3AB-183E-4B09-8A97-01D113263C25}.Debug|Any CPU.ActiveCfg = Debug|Any CPU
		{1B3AB3AB-183E-4B09-8A97-01D113263C25}.Debug|Any CPU.Build.0 = Debug|Any CPU
		{1B3AB3AB-183E-4B09-8A97-01D113263C25}.Release|Any CPU.ActiveCfg = Release|Any CPU
		{1B3AB3AB-183E-4B09-8A97-01D113263C25}.Release|Any CPU.Build.0 = Release|Any CPU
		{FFEA6014-8572-4286-8C32-B12F7E697B13}.Debug|Any CPU.ActiveCfg = Debug|Any CPU
		{FFEA6014-8572-4286-8C32-B12F7E697B13}.Debug|Any CPU.Build.0 = Debug|Any CPU
		{FFEA6014-8572-4286-8C32-B12F7E697B13}.Release|Any CPU.ActiveCfg = Release|Any CPU
		{FFEA6014-8572-4286-8C32-B12F7E697B13}.Release|Any CPU.Build.0 = Release|Any CPU
		{DB130B1A-D5DA-4493-A53E-386CEE7142DD}.Debug|Any CPU.ActiveCfg = Debug|Any CPU
		{DB130B1A-D5DA-4493-A53E-386CEE7142DD}.Debug|Any CPU.Build.0 = Debug|Any CPU
		{DB130B1A-D5DA-4493-A53E-386CEE7142DD}.Release|Any CPU.ActiveCfg = Release|Any CPU
		{DB130B1A-D5DA-4493-A53E-386CEE7142DD}.Release|Any CPU.Build.0 = Release|Any CPU
		{86288A87-7F62-4C94-80E0-A5FB4BDBE3D9}.Debug|Any CPU.ActiveCfg = Debug|Any CPU
		{86288A87-7F62-4C94-80E0-A5FB4BDBE3D9}.Debug|Any CPU.Build.0 = Debug|Any CPU
		{86288A87-7F62-4C94-80E0-A5FB4BDBE3D9}.Release|Any CPU.ActiveCfg = Release|Any CPU
		{86288A87-7F62-4C94-80E0-A5FB4BDBE3D9}.Release|Any CPU.Build.0 = Release|Any CPU
		{E69C5298-D15E-4A9A-97EA-7909781F2531}.Debug|Any CPU.ActiveCfg = Debug|Any CPU
		{E69C5298-D15E-4A9A-97EA-7909781F2531}.Debug|Any CPU.Build.0 = Debug|Any CPU
		{E69C5298-D15E-4A9A-97EA-7909781F2531}.Release|Any CPU.ActiveCfg = Release|Any CPU
		{E69C5298-D15E-4A9A-97EA-7909781F2531}.Release|Any CPU.Build.0 = Release|Any CPU
	EndGlobalSection
	GlobalSection(SolutionProperties) = preSolution
		HideSolutionNode = FALSE
	EndGlobalSection
	GlobalSection(NestedProjects) = preSolution
		{ED660CEA-D1C1-44C6-B42E-69AA64359F89} = {3FB6D045-EA5B-4097-A778-0CE4AB83A427}
		{DEB28927-C518-407E-ACE0-E3CABF35C697} = {3FB6D045-EA5B-4097-A778-0CE4AB83A427}
		{1B3AB3AB-183E-4B09-8A97-01D113263C25} = {3FB6D045-EA5B-4097-A778-0CE4AB83A427}
		{FFEA6014-8572-4286-8C32-B12F7E697B13} = {3FB6D045-EA5B-4097-A778-0CE4AB83A427}
		{DB130B1A-D5DA-4493-A53E-386CEE7142DD} = {3FB6D045-EA5B-4097-A778-0CE4AB83A427}
		{86288A87-7F62-4C94-80E0-A5FB4BDBE3D9} = {01A93140-3980-4391-ADB1-513128D9DEA2}
		{E69C5298-D15E-4A9A-97EA-7909781F2531} = {3FB6D045-EA5B-4097-A778-0CE4AB83A427}
	EndGlobalSection
	GlobalSection(ExtensibilityGlobals) = postSolution
		SolutionGuid = {5F9C5355-ADE5-478E-B5E3-6F9EE1B9315C}
	EndGlobalSection
EndGlobal
