
Microsoft Visual Studio Solution File, Format Version 12.00
# Visual Studio Version 17
VisualStudioVersion = 17.13.35931.197 d17.13
MinimumVisualStudioVersion = 10.0.40219.1
Project("{54A90642-561A-4BB1-A94E-469ADEE60C69}") = "dt.mdm.client", "dt.mdm.client\dt.mdm.client.esproj", "{784CA944-42F3-52A6-2B97-F63FD19FF1F6}"
EndProject
Project("{FAE04EC0-301F-11D3-BF4B-00C04F79EFBC}") = "DT.MDM.Server", "DT.MDM.Server\DT.MDM.Server.csproj", "{17F2D05D-BCAB-4544-90D4-971A43A8FFA7}"
EndProject
Global
	GlobalSection(SolutionConfigurationPlatforms) = preSolution
		Debug|Any CPU = Debug|Any CPU
		Release|Any CPU = Release|Any CPU
	EndGlobalSection
	GlobalSection(ProjectConfigurationPlatforms) = postSolution
		{784CA944-42F3-52A6-2B97-F63FD19FF1F6}.Debug|Any CPU.ActiveCfg = Debug|Any CPU
		{784CA944-42F3-52A6-2B97-F63FD19FF1F6}.Debug|Any CPU.Build.0 = Debug|Any CPU
		{784CA944-42F3-52A6-2B97-F63FD19FF1F6}.Debug|Any CPU.Deploy.0 = Debug|Any CPU
		{784CA944-42F3-52A6-2B97-F63FD19FF1F6}.Release|Any CPU.ActiveCfg = Release|Any CPU
		{784CA944-42F3-52A6-2B97-F63FD19FF1F6}.Release|Any CPU.Build.0 = Release|Any CPU
		{784CA944-42F3-52A6-2B97-F63FD19FF1F6}.Release|Any CPU.Deploy.0 = Release|Any CPU
		{17F2D05D-BCAB-4544-90D4-971A43A8FFA7}.Debug|Any CPU.ActiveCfg = Debug|Any CPU
		{17F2D05D-BCAB-4544-90D4-971A43A8FFA7}.Debug|Any CPU.Build.0 = Debug|Any CPU
		{17F2D05D-BCAB-4544-90D4-971A43A8FFA7}.Release|Any CPU.ActiveCfg = Release|Any CPU
		{17F2D05D-BCAB-4544-90D4-971A43A8FFA7}.Release|Any CPU.Build.0 = Release|Any CPU
	EndGlobalSection
	GlobalSection(SolutionProperties) = preSolution
		HideSolutionNode = FALSE
	EndGlobalSection
	GlobalSection(ExtensibilityGlobals) = postSolution
		SolutionGuid = {156D3024-D038-4DEA-BF44-E1D16F457620}
	EndGlobalSection
EndGlobal
